
Microsoft Visual Studio Solution File, Format Version 12.00
# Visual Studio Version 17
VisualStudioVersion = 17.6.33723.286
MinimumVisualStudioVersion = 10.0.40219.1
Project("{FAE04EC0-301F-11D3-BF4B-00C04F79EFBC}") = "HailSaiBaba", "HailSaiBaba\HailSaiBaba.csproj", "{BFFE130A-E6B5-4CF3-A8DC-4563EA07D206}"
EndProject
Global
	GlobalSection(SolutionConfigurationPlatforms) = preSolution
		Debug|Any CPU = Debug|Any CPU
		Release|Any CPU = Release|Any CPU
	EndGlobalSection
	GlobalSection(ProjectConfigurationPlatforms) = postSolution
		{BFFE130A-E6B5-4CF3-A8DC-4563EA07D206}.Debug|Any CPU.ActiveCfg = Debug|Any CPU
		{BFFE130A-E6B5-4CF3-A8DC-4563EA07D206}.Debug|Any CPU.Build.0 = Debug|Any CPU
		{BFFE130A-E6B5-4CF3-A8DC-4563EA07D206}.Release|Any CPU.ActiveCfg = Release|Any CPU
		{BFFE130A-E6B5-4CF3-A8DC-4563EA07D206}.Release|Any CPU.Build.0 = Release|Any CPU
	EndGlobalSection
	GlobalSection(SolutionProperties) = preSolution
		HideSolutionNode = FALSE
	EndGlobalSection
	GlobalSection(ExtensibilityGlobals) = postSolution
		SolutionGuid = {162F49A2-1095-42B0-AB29-35AD1A95BED6}
	EndGlobalSection
EndGlobal
